
Microsoft Visual Studio Solution File, Format Version 10.00
# Visual Studio 2008
Project("{8BC9CEB8-8B4A-11D0-8D11-00A0C91BC942}") = "GoogleTestLeakChecker", "GoogleTestLeakChecker\GoogleTestLeakChecker.vcproj", "{34644D88-C4F7-4AB3-927E-900F7C958B22}"
EndProject
Global
	GlobalSection(SolutionConfigurationPlatforms) = preSolution
		Debug|Win32 = Debug|Win32
		Release|Win32 = Release|Win32
	EndGlobalSection
	GlobalSection(ProjectConfigurationPlatforms) = postSolution
		{34644D88-C4F7-4AB3-927E-900F7C958B22}.Debug|Win32.ActiveCfg = Debug|Win32
		{34644D88-C4F7-4AB3-927E-900F7C958B22}.Debug|Win32.Build.0 = Debug|Win32
		{34644D88-C4F7-4AB3-927E-900F7C958B22}.Release|Win32.ActiveCfg = Release|Win32
		{34644D88-C4F7-4AB3-927E-900F7C958B22}.Release|Win32.Build.0 = Release|Win32
	EndGlobalSection
	GlobalSection(SolutionProperties) = preSolution
		HideSolutionNode = FALSE
	EndGlobalSection
EndGlobal
